
Microsoft Visual Studio Solution File, Format Version 12.00
# Visual Studio 14
VisualStudioVersion = 14.0.23107.0
MinimumVisualStudioVersion = 10.0.40219.1
Project("{2150E333-8FDC-42A3-9474-1A3956D46DE8}") = "Solution Items", "Solution Items", "{10FA8A72-DB7E-4604-9242-D0F628DF47D5}"
	ProjectSection(SolutionItems) = preProject
		global.json = global.json
	EndProjectSection
EndProject
Project("{8BB2217D-0F2D-49D1-97BC-3654ED321F3B}") = "WebRx", "WebRx\WebRx.xproj", "{E2DCF961-D539-4A3A-AE63-4B51C3972F31}"
EndProject
Project("{FAE04EC0-301F-11D3-BF4B-00C04F79EFBC}") = "HealthChecksRx", "HealthChecksRx\HealthChecksRx.csproj", "{9469D337-E217-4AC2-BAD1-5877570F09D9}"
EndProject
Project("{FAE04EC0-301F-11D3-BF4B-00C04F79EFBC}") = "ConditionalVotingRx", "ConditionalVotingRx\ConditionalVotingRx.csproj", "{A156D8EF-8E1A-4B80-A0F5-5FF66DEF438B}"
EndProject
Project("{F2A71F9B-5D33-465A-A702-920D77279786}") = "CircuitBreakerAgent", "CircuitBreakerAgent\CircuitBreakerAgent.fsproj", "{D4223267-2E9B-4994-8779-CE2CC5D36910}"
EndProject
Project("{FAE04EC0-301F-11D3-BF4B-00C04F79EFBC}") = "IntroRx", "IntroRx\IntroRx.csproj", "{519C3D2E-D9C7-4E92-BCFC-EA5BEB562BD3}"
EndProject
Global
	GlobalSection(SolutionConfigurationPlatforms) = preSolution
		Debug|Any CPU = Debug|Any CPU
		Release|Any CPU = Release|Any CPU
	EndGlobalSection
	GlobalSection(ProjectConfigurationPlatforms) = postSolution
		{E2DCF961-D539-4A3A-AE63-4B51C3972F31}.Debug|Any CPU.ActiveCfg = Debug|Any CPU
		{E2DCF961-D539-4A3A-AE63-4B51C3972F31}.Debug|Any CPU.Build.0 = Debug|Any CPU
		{E2DCF961-D539-4A3A-AE63-4B51C3972F31}.Release|Any CPU.ActiveCfg = Release|Any CPU
		{E2DCF961-D539-4A3A-AE63-4B51C3972F31}.Release|Any CPU.Build.0 = Release|Any CPU
		{9469D337-E217-4AC2-BAD1-5877570F09D9}.Debug|Any CPU.ActiveCfg = Debug|Any CPU
		{9469D337-E217-4AC2-BAD1-5877570F09D9}.Debug|Any CPU.Build.0 = Debug|Any CPU
		{9469D337-E217-4AC2-BAD1-5877570F09D9}.Release|Any CPU.ActiveCfg = Release|Any CPU
		{9469D337-E217-4AC2-BAD1-5877570F09D9}.Release|Any CPU.Build.0 = Release|Any CPU
		{A156D8EF-8E1A-4B80-A0F5-5FF66DEF438B}.Debug|Any CPU.ActiveCfg = Debug|Any CPU
		{A156D8EF-8E1A-4B80-A0F5-5FF66DEF438B}.Debug|Any CPU.Build.0 = Debug|Any CPU
		{A156D8EF-8E1A-4B80-A0F5-5FF66DEF438B}.Release|Any CPU.ActiveCfg = Release|Any CPU
		{A156D8EF-8E1A-4B80-A0F5-5FF66DEF438B}.Release|Any CPU.Build.0 = Release|Any CPU
		{D4223267-2E9B-4994-8779-CE2CC5D36910}.Debug|Any CPU.ActiveCfg = Debug|Any CPU
		{D4223267-2E9B-4994-8779-CE2CC5D36910}.Debug|Any CPU.Build.0 = Debug|Any CPU
		{D4223267-2E9B-4994-8779-CE2CC5D36910}.Release|Any CPU.ActiveCfg = Release|Any CPU
		{D4223267-2E9B-4994-8779-CE2CC5D36910}.Release|Any CPU.Build.0 = Release|Any CPU
		{519C3D2E-D9C7-4E92-BCFC-EA5BEB562BD3}.Debug|Any CPU.ActiveCfg = Debug|Any CPU
		{519C3D2E-D9C7-4E92-BCFC-EA5BEB562BD3}.Debug|Any CPU.Build.0 = Debug|Any CPU
		{519C3D2E-D9C7-4E92-BCFC-EA5BEB562BD3}.Release|Any CPU.ActiveCfg = Release|Any CPU
		{519C3D2E-D9C7-4E92-BCFC-EA5BEB562BD3}.Release|Any CPU.Build.0 = Release|Any CPU
	EndGlobalSection
	GlobalSection(SolutionProperties) = preSolution
		HideSolutionNode = FALSE
	EndGlobalSection
EndGlobal
